// !$*UTF8*$!
{
	archiveVersion = 1;
	classes = {
	};
	objectVersion = 56;
	objects = {

/* Begin PBXBuildFile section */
		9DDE02DB29D5B91500E26F81 /* AppDelegate.swift in Sources */ = {isa = PBXBuildFile; fileRef = 9DDE02DA29D5B91500E26F81 /* AppDelegate.swift */; };
		9DDE02DD29D5B91500E26F81 /* SceneDelegate.swift in Sources */ = {isa = PBXBuildFile; fileRef = 9DDE02DC29D5B91500E26F81 /* SceneDelegate.swift */; };
		9DDE02DF29D5B91500E26F81 /* ViewController.swift in Sources */ = {isa = PBXBuildFile; fileRef = 9DDE02DE29D5B91500E26F81 /* ViewController.swift */; };
		9DDE02E229D5B91500E26F81 /* Main.storyboard in Resources */ = {isa = PBXBuildFile; fileRef = 9DDE02E029D5B91500E26F81 /* Main.storyboard */; };
		9DDE02E429D5B91700E26F81 /* Assets.xcassets in Resources */ = {isa = PBXBuildFile; fileRef = 9DDE02E329D5B91700E26F81 /* Assets.xcassets */; };
		9DDE02E729D5B91700E26F81 /* LaunchScreen.storyboard in Resources */ = {isa = PBXBuildFile; fileRef = 9DDE02E529D5B91700E26F81 /* LaunchScreen.storyboard */; };
		9DDE02F029D5BA6700E26F81 /* DataSource.swift in Sources */ = {isa = PBXBuildFile; fileRef = 9DDE02EF29D5BA6700E26F81 /* DataSource.swift */; };
		9DDE02F529D6CA3700E26F81 /* HomeScreenViewModel.swift in Sources */ = {isa = PBXBuildFile; fileRef = 9DDE02F429D6CA3700E26F81 /* HomeScreenViewModel.swift */; };
		9DDE02F829D6CB4500E26F81 /* Protocols.swift in Sources */ = {isa = PBXBuildFile; fileRef = 9DDE02F729D6CB4500E26F81 /* Protocols.swift */; };
		9DDE02FE29D6DCAE00E26F81 /* PeopleCell.xib in Resources */ = {isa = PBXBuildFile; fileRef = 9DDE02FD29D6DCAE00E26F81 /* PeopleCell.xib */; };
		9DDE030229D6DE6100E26F81 /* PeopleCell.swift in Sources */ = {isa = PBXBuildFile; fileRef = 9DDE030129D6DE6100E26F81 /* PeopleCell.swift */; };
		9DDE030729D6F45C00E26F81 /* VCUtils.swift in Sources */ = {isa = PBXBuildFile; fileRef = 9DDE030629D6F45C00E26F81 /* VCUtils.swift */; };
		9DDE030D29D735F000E26F81 /* Extensions.swift in Sources */ = {isa = PBXBuildFile; fileRef = 9DDE030C29D735F000E26F81 /* Extensions.swift */; };
/* End PBXBuildFile section */

/* Begin PBXFileReference section */
		9DDE02D729D5B91500E26F81 /* scorpAssesment.app */ = {isa = PBXFileReference; explicitFileType = wrapper.application; includeInIndex = 0; path = scorpAssesment.app; sourceTree = BUILT_PRODUCTS_DIR; };
		9DDE02DA29D5B91500E26F81 /* AppDelegate.swift */ = {isa = PBXFileReference; lastKnownFileType = sourcecode.swift; path = AppDelegate.swift; sourceTree = "<group>"; };
		9DDE02DC29D5B91500E26F81 /* SceneDelegate.swift */ = {isa = PBXFileReference; lastKnownFileType = sourcecode.swift; path = SceneDelegate.swift; sourceTree = "<group>"; };
		9DDE02DE29D5B91500E26F81 /* ViewController.swift */ = {isa = PBXFileReference; lastKnownFileType = sourcecode.swift; path = ViewController.swift; sourceTree = "<group>"; };
		9DDE02E129D5B91500E26F81 /* Base */ = {isa = PBXFileReference; lastKnownFileType = file.storyboard; name = Base; path = Base.lproj/Main.storyboard; sourceTree = "<group>"; };
		9DDE02E329D5B91700E26F81 /* Assets.xcassets */ = {isa = PBXFileReference; lastKnownFileType = folder.assetcatalog; path = Assets.xcassets; sourceTree = "<group>"; };
		9DDE02E629D5B91700E26F81 /* Base */ = {isa = PBXFileReference; lastKnownFileType = file.storyboard; name = Base; path = Base.lproj/LaunchScreen.storyboard; sourceTree = "<group>"; };
		9DDE02E829D5B91700E26F81 /* Info.plist */ = {isa = PBXFileReference; lastKnownFileType = text.plist.xml; path = Info.plist; sourceTree = "<group>"; };
		9DDE02EF29D5BA6700E26F81 /* DataSource.swift */ = {isa = PBXFileReference; fileEncoding = 4; lastKnownFileType = sourcecode.swift; path = DataSource.swift; sourceTree = "<group>"; };
		9DDE02F429D6CA3700E26F81 /* HomeScreenViewModel.swift */ = {isa = PBXFileReference; lastKnownFileType = sourcecode.swift; path = HomeScreenViewModel.swift; sourceTree = "<group>"; };
		9DDE02F729D6CB4500E26F81 /* Protocols.swift */ = {isa = PBXFileReference; lastKnownFileType = sourcecode.swift; path = Protocols.swift; sourceTree = "<group>"; };
		9DDE02FD29D6DCAE00E26F81 /* PeopleCell.xib */ = {isa = PBXFileReference; lastKnownFileType = file.xib; path = PeopleCell.xib; sourceTree = "<group>"; };
		9DDE030129D6DE6100E26F81 /* PeopleCell.swift */ = {isa = PBXFileReference; lastKnownFileType = sourcecode.swift; path = PeopleCell.swift; sourceTree = "<group>"; };
		9DDE030629D6F45C00E26F81 /* VCUtils.swift */ = {isa = PBXFileReference; lastKnownFileType = sourcecode.swift; path = VCUtils.swift; sourceTree = "<group>"; };
		9DDE030C29D735F000E26F81 /* Extensions.swift */ = {isa = PBXFileReference; fileEncoding = 4; lastKnownFileType = sourcecode.swift; path = Extensions.swift; sourceTree = "<group>"; };
/* End PBXFileReference section */

/* Begin PBXFrameworksBuildPhase section */
		9DDE02D429D5B91500E26F81 /* Frameworks */ = {
			isa = PBXFrameworksBuildPhase;
			buildActionMask = 2147483647;
			files = (
			);
			runOnlyForDeploymentPostprocessing = 0;
		};
/* End PBXFrameworksBuildPhase section */

/* Begin PBXGroup section */
		9DDE02CE29D5B91500E26F81 = {
			isa = PBXGroup;
			children = (
				9DDE02D929D5B91500E26F81 /* scorpAssesment */,
				9DDE02D829D5B91500E26F81 /* Products */,
			);
			sourceTree = "<group>";
		};
		9DDE02D829D5B91500E26F81 /* Products */ = {
			isa = PBXGroup;
			children = (
				9DDE02D729D5B91500E26F81 /* scorpAssesment.app */,
			);
			name = Products;
			sourceTree = "<group>";
		};
		9DDE02D929D5B91500E26F81 /* scorpAssesment */ = {
			isa = PBXGroup;
			children = (
				9DDE030529D6F44C00E26F81 /* Helper */,
				9DDE02FA29D6D97700E26F81 /* Base */,
				9DDE02F929D6D96500E26F81 /* Module */,
				9DDE02E329D5B91700E26F81 /* Assets.xcassets */,
				9DDE02E829D5B91700E26F81 /* Info.plist */,
			);
			path = scorpAssesment;
			sourceTree = "<group>";
		};
		9DDE02EE29D5BA5A00E26F81 /* Model */ = {
			isa = PBXGroup;
			children = (
				9DDE02EF29D5BA6700E26F81 /* DataSource.swift */,
			);
			path = Model;
			sourceTree = "<group>";
		};
		9DDE02F129D6C85100E26F81 /* HomeScreen */ = {
			isa = PBXGroup;
			children = (
				9DDE02F629D6CB3300E26F81 /* Protocols */,
				9DDE02F329D6C9AE00E26F81 /* View */,
				9DDE02EE29D5BA5A00E26F81 /* Model */,
				9DDE02F229D6C86400E26F81 /* ViewModel */,
			);
			path = HomeScreen;
			sourceTree = "<group>";
		};
		9DDE02F229D6C86400E26F81 /* ViewModel */ = {
			isa = PBXGroup;
			children = (
				9DDE02F429D6CA3700E26F81 /* HomeScreenViewModel.swift */,
			);
			path = ViewModel;
			sourceTree = "<group>";
		};
		9DDE02F329D6C9AE00E26F81 /* View */ = {
			isa = PBXGroup;
			children = (
				9DDE02DE29D5B91500E26F81 /* ViewController.swift */,
			);
			path = View;
			sourceTree = "<group>";
		};
		9DDE02F629D6CB3300E26F81 /* Protocols */ = {
			isa = PBXGroup;
			children = (
				9DDE02F729D6CB4500E26F81 /* Protocols.swift */,
			);
			path = Protocols;
			sourceTree = "<group>";
		};
		9DDE02F929D6D96500E26F81 /* Module */ = {
			isa = PBXGroup;
			children = (
				9DDE02FC29D6DC7300E26F81 /* TableViewCells */,
				9DDE02FB29D6D98600E26F81 /* Storyboard */,
				9DDE02F129D6C85100E26F81 /* HomeScreen */,
			);
			path = Module;
			sourceTree = "<group>";
		};
		9DDE02FA29D6D97700E26F81 /* Base */ = {
			isa = PBXGroup;
			children = (
				9DDE02DA29D5B91500E26F81 /* AppDelegate.swift */,
				9DDE02DC29D5B91500E26F81 /* SceneDelegate.swift */,
			);
			path = Base;
			sourceTree = "<group>";
		};
		9DDE02FB29D6D98600E26F81 /* Storyboard */ = {
			isa = PBXGroup;
			children = (
				9DDE02E029D5B91500E26F81 /* Main.storyboard */,
				9DDE02E529D5B91700E26F81 /* LaunchScreen.storyboard */,
			);
			path = Storyboard;
			sourceTree = "<group>";
		};
		9DDE02FC29D6DC7300E26F81 /* TableViewCells */ = {
			isa = PBXGroup;
			children = (
				9DDE02FD29D6DCAE00E26F81 /* PeopleCell.xib */,
				9DDE030129D6DE6100E26F81 /* PeopleCell.swift */,
			);
			path = TableViewCells;
			sourceTree = "<group>";
		};
		9DDE030529D6F44C00E26F81 /* Helper */ = {
			isa = PBXGroup;
			children = (
				9DDE030C29D735F000E26F81 /* Extensions.swift */,
				9DDE030629D6F45C00E26F81 /* VCUtils.swift */,
			);
			path = Helper;
			sourceTree = "<group>";
		};
/* End PBXGroup section */

/* Begin PBXNativeTarget section */
		9DDE02D629D5B91500E26F81 /* scorpAssesment */ = {
			isa = PBXNativeTarget;
			buildConfigurationList = 9DDE02EB29D5B91700E26F81 /* Build configuration list for PBXNativeTarget "scorpAssesment" */;
			buildPhases = (
				9DDE02D329D5B91500E26F81 /* Sources */,
				9DDE02D429D5B91500E26F81 /* Frameworks */,
				9DDE02D529D5B91500E26F81 /* Resources */,
			);
			buildRules = (
			);
			dependencies = (
			);
			name = scorpAssesment;
			productName = scorpAssesment;
			productReference = 9DDE02D729D5B91500E26F81 /* scorpAssesment.app */;
			productType = "com.apple.product-type.application";
		};
/* End PBXNativeTarget section */

/* Begin PBXProject section */
		9DDE02CF29D5B91500E26F81 /* Project object */ = {
			isa = PBXProject;
			attributes = {
				BuildIndependentTargetsInParallel = 1;
				LastSwiftUpdateCheck = 1420;
				LastUpgradeCheck = 1420;
				TargetAttributes = {
					9DDE02D629D5B91500E26F81 = {
						CreatedOnToolsVersion = 14.2;
					};
				};
			};
			buildConfigurationList = 9DDE02D229D5B91500E26F81 /* Build configuration list for PBXProject "scorpAssesment" */;
			compatibilityVersion = "Xcode 14.0";
			developmentRegion = en;
			hasScannedForEncodings = 0;
			knownRegions = (
				en,
				Base,
			);
			mainGroup = 9DDE02CE29D5B91500E26F81;
			productRefGroup = 9DDE02D829D5B91500E26F81 /* Products */;
			projectDirPath = "";
			projectRoot = "";
			targets = (
				9DDE02D629D5B91500E26F81 /* scorpAssesment */,
			);
		};
/* End PBXProject section */

/* Begin PBXResourcesBuildPhase section */
		9DDE02D529D5B91500E26F81 /* Resources */ = {
			isa = PBXResourcesBuildPhase;
			buildActionMask = 2147483647;
			files = (
				9DDE02FE29D6DCAE00E26F81 /* PeopleCell.xib in Resources */,
				9DDE02E729D5B91700E26F81 /* LaunchScreen.storyboard in Resources */,
				9DDE02E429D5B91700E26F81 /* Assets.xcassets in Resources */,
				9DDE02E229D5B91500E26F81 /* Main.storyboard in Resources */,
			);
			runOnlyForDeploymentPostprocessing = 0;
		};
/* End PBXResourcesBuildPhase section */

/* Begin PBXSourcesBuildPhase section */
		9DDE02D329D5B91500E26F81 /* Sources */ = {
			isa = PBXSourcesBuildPhase;
			buildActionMask = 2147483647;
			files = (
				9DDE02DF29D5B91500E26F81 /* ViewController.swift in Sources */,
				9DDE030D29D735F000E26F81 /* Extensions.swift in Sources */,
				9DDE02DB29D5B91500E26F81 /* AppDelegate.swift in Sources */,
				9DDE030729D6F45C00E26F81 /* VCUtils.swift in Sources */,
				9DDE030229D6DE6100E26F81 /* PeopleCell.swift in Sources */,
				9DDE02F029D5BA6700E26F81 /* DataSource.swift in Sources */,
				9DDE02F829D6CB4500E26F81 /* Protocols.swift in Sources */,
				9DDE02DD29D5B91500E26F81 /* SceneDelegate.swift in Sources */,
				9DDE02F529D6CA3700E26F81 /* HomeScreenViewModel.swift in Sources */,
			);
			runOnlyForDeploymentPostprocessing = 0;
		};
/* End PBXSourcesBuildPhase section */

/* Begin PBXVariantGroup section */
		9DDE02E029D5B91500E26F81 /* Main.storyboard */ = {
			isa = PBXVariantGroup;
			children = (
				9DDE02E129D5B91500E26F81 /* Base */,
			);
			name = Main.storyboard;
			sourceTree = "<group>";
		};
		9DDE02E529D5B91700E26F81 /* LaunchScreen.storyboard */ = {
			isa = PBXVariantGroup;
			children = (
				9DDE02E629D5B91700E26F81 /* Base */,
			);
			name = LaunchScreen.storyboard;
			sourceTree = "<group>";
		};
/* End PBXVariantGroup section */

/* Begin XCBuildConfiguration section */
		9DDE02E929D5B91700E26F81 /* Debug */ = {
			isa = XCBuildConfiguration;
			buildSettings = {
				ALWAYS_SEARCH_USER_PATHS = NO;
				CLANG_ANALYZER_NONNULL = YES;
				CLANG_ANALYZER_NUMBER_OBJECT_CONVERSION = YES_AGGRESSIVE;
				CLANG_CXX_LANGUAGE_STANDARD = "gnu++20";
				CLANG_ENABLE_MODULES = YES;
				CLANG_ENABLE_OBJC_ARC = YES;
				CLANG_ENABLE_OBJC_WEAK = YES;
				CLANG_WARN_BLOCK_CAPTURE_AUTORELEASING = YES;
				CLANG_WARN_BOOL_CONVERSION = YES;
				CLANG_WARN_COMMA = YES;
				CLANG_WARN_CONSTANT_CONVERSION = YES;
				CLANG_WARN_DEPRECATED_OBJC_IMPLEMENTATIONS = YES;
				CLANG_WARN_DIRECT_OBJC_ISA_USAGE = YES_ERROR;
				CLANG_WARN_DOCUMENTATION_COMMENTS = YES;
				CLANG_WARN_EMPTY_BODY = YES;
				CLANG_WARN_ENUM_CONVERSION = YES;
				CLANG_WARN_INFINITE_RECURSION = YES;
				CLANG_WARN_INT_CONVERSION = YES;
				CLANG_WARN_NON_LITERAL_NULL_CONVERSION = YES;
				CLANG_WARN_OBJC_IMPLICIT_RETAIN_SELF = YES;
				CLANG_WARN_OBJC_LITERAL_CONVERSION = YES;
				CLANG_WARN_OBJC_ROOT_CLASS = YES_ERROR;
				CLANG_WARN_QUOTED_INCLUDE_IN_FRAMEWORK_HEADER = YES;
				CLANG_WARN_RANGE_LOOP_ANALYSIS = YES;
				CLANG_WARN_STRICT_PROTOTYPES = YES;
				CLANG_WARN_SUSPICIOUS_MOVE = YES;
				CLANG_WARN_UNGUARDED_AVAILABILITY = YES_AGGRESSIVE;
				CLANG_WARN_UNREACHABLE_CODE = YES;
				CLANG_WARN__DUPLICATE_METHOD_MATCH = YES;
				COPY_PHASE_STRIP = NO;
				DEBUG_INFORMATION_FORMAT = dwarf;
				ENABLE_STRICT_OBJC_MSGSEND = YES;
				ENABLE_TESTABILITY = YES;
				GCC_C_LANGUAGE_STANDARD = gnu11;
				GCC_DYNAMIC_NO_PIC = NO;
				GCC_NO_COMMON_BLOCKS = YES;
				GCC_OPTIMIZATION_LEVEL = 0;
				GCC_PREPROCESSOR_DEFINITIONS = (
					"DEBUG=1",
					"$(inherited)",
				);
				GCC_WARN_64_TO_32_BIT_CONVERSION = YES;
				GCC_WARN_ABOUT_RETURN_TYPE = YES_ERROR;
				GCC_WARN_UNDECLARED_SELECTOR = YES;
				GCC_WARN_UNINITIALIZED_AUTOS = YES_AGGRESSIVE;
				GCC_WARN_UNUSED_FUNCTION = YES;
				GCC_WARN_UNUSED_VARIABLE = YES;
				IPHONEOS_DEPLOYMENT_TARGET = 16.2;
				MTL_ENABLE_DEBUG_INFO = INCLUDE_SOURCE;
				MTL_FAST_MATH = YES;
				ONLY_ACTIVE_ARCH = YES;
				SDKROOT = iphoneos;
				SWIFT_ACTIVE_COMPILATION_CONDITIONS = DEBUG;
				SWIFT_OPTIMIZATION_LEVEL = "-Onone";
			};
			name = Debug;
		};
		9DDE02EA29D5B91700E26F81 /* Release */ = {
			isa = XCBuildConfiguration;
			buildSettings = {
				ALWAYS_SEARCH_USER_PATHS = NO;
				CLANG_ANALYZER_NONNULL = YES;
				CLANG_ANALYZER_NUMBER_OBJECT_CONVERSION = YES_AGGRESSIVE;
				CLANG_CXX_LANGUAGE_STANDARD = "gnu++20";
				CLANG_ENABLE_MODULES = YES;
				CLANG_ENABLE_OBJC_ARC = YES;
				CLANG_ENABLE_OBJC_WEAK = YES;
				CLANG_WARN_BLOCK_CAPTURE_AUTORELEASING = YES;
				CLANG_WARN_BOOL_CONVERSION = YES;
				CLANG_WARN_COMMA = YES;
				CLANG_WARN_CONSTANT_CONVERSION = YES;
				CLANG_WARN_DEPRECATED_OBJC_IMPLEMENTATIONS = YES;
				CLANG_WARN_DIRECT_OBJC_ISA_USAGE = YES_ERROR;
				CLANG_WARN_DOCUMENTATION_COMMENTS = YES;
				CLANG_WARN_EMPTY_BODY = YES;
				CLANG_WARN_ENUM_CONVERSION = YES;
				CLANG_WARN_INFINITE_RECURSION = YES;
				CLANG_WARN_INT_CONVERSION = YES;
				CLANG_WARN_NON_LITERAL_NULL_CONVERSION = YES;
				CLANG_WARN_OBJC_IMPLICIT_RETAIN_SELF = YES;
				CLANG_WARN_OBJC_LITERAL_CONVERSION = YES;
				CLANG_WARN_OBJC_ROOT_CLASS = YES_ERROR;
				CLANG_WARN_QUOTED_INCLUDE_IN_FRAMEWORK_HEADER = YES;
				CLANG_WARN_RANGE_LOOP_ANALYSIS = YES;
				CLANG_WARN_STRICT_PROTOTYPES = YES;
				CLANG_WARN_SUSPICIOUS_MOVE = YES;
				CLANG_WARN_UNGUARDED_AVAILABILITY = YES_AGGRESSIVE;
				CLANG_WARN_UNREACHABLE_CODE = YES;
				CLANG_WARN__DUPLICATE_METHOD_MATCH = YES;
				COPY_PHASE_STRIP = NO;
				DEBUG_INFORMATION_FORMAT = "dwarf-with-dsym";
				ENABLE_NS_ASSERTIONS = NO;
				ENABLE_STRICT_OBJC_MSGSEND = YES;
				GCC_C_LANGUAGE_STANDARD = gnu11;
				GCC_NO_COMMON_BLOCKS = YES;
				GCC_WARN_64_TO_32_BIT_CONVERSION = YES;
				GCC_WARN_ABOUT_RETURN_TYPE = YES_ERROR;
				GCC_WARN_UNDECLARED_SELECTOR = YES;
				GCC_WARN_UNINITIALIZED_AUTOS = YES_AGGRESSIVE;
				GCC_WARN_UNUSED_FUNCTION = YES;
				GCC_WARN_UNUSED_VARIABLE = YES;
				IPHONEOS_DEPLOYMENT_TARGET = 16.2;
				MTL_ENABLE_DEBUG_INFO = NO;
				MTL_FAST_MATH = YES;
				SDKROOT = iphoneos;
				SWIFT_COMPILATION_MODE = wholemodule;
				SWIFT_OPTIMIZATION_LEVEL = "-O";
				VALIDATE_PRODUCT = YES;
			};
			name = Release;
		};
		9DDE02EC29D5B91700E26F81 /* Debug */ = {
			isa = XCBuildConfiguration;
			buildSettings = {
				ASSETCATALOG_COMPILER_APPICON_NAME = AppIcon;
				ASSETCATALOG_COMPILER_GLOBAL_ACCENT_COLOR_NAME = AccentColor;
				CODE_SIGN_STYLE = Automatic;
				CURRENT_PROJECT_VERSION = 1;
				DEVELOPMENT_TEAM = L75KFH9TYV;
				GENERATE_INFOPLIST_FILE = YES;
				INFOPLIST_FILE = scorpAssesment/Info.plist;
				INFOPLIST_KEY_UIApplicationSupportsIndirectInputEvents = YES;
				INFOPLIST_KEY_UILaunchStoryboardName = LaunchScreen;
				INFOPLIST_KEY_UIMainStoryboardFile = Main;
				INFOPLIST_KEY_UISupportedInterfaceOrientations_iPad = "UIInterfaceOrientationPortrait UIInterfaceOrientationPortraitUpsideDown UIInterfaceOrientationLandscapeLeft UIInterfaceOrientationLandscapeRight";
				INFOPLIST_KEY_UISupportedInterfaceOrientations_iPhone = "UIInterfaceOrientationPortrait UIInterfaceOrientationLandscapeLeft UIInterfaceOrientationLandscapeRight";
				LD_RUNPATH_SEARCH_PATHS = (
					"$(inherited)",
					"@executable_path/Frameworks",
				);
				MARKETING_VERSION = 1.0;
				PRODUCT_BUNDLE_IDENTIFIER = com.namik.scorpAssesment;
				PRODUCT_NAME = "$(TARGET_NAME)";
				SWIFT_EMIT_LOC_STRINGS = YES;
				SWIFT_VERSION = 5.0;
				TARGETED_DEVICE_FAMILY = "1,2";
			};
			name = Debug;
		};
		9DDE02ED29D5B91700E26F81 /* Release */ = {
			isa = XCBuildConfiguration;
			buildSettings = {
				ASSETCATALOG_COMPILER_APPICON_NAME = AppIcon;
				ASSETCATALOG_COMPILER_GLOBAL_ACCENT_COLOR_NAME = AccentColor;
				CODE_SIGN_STYLE = Automatic;
				CURRENT_PROJECT_VERSION = 1;
				DEVELOPMENT_TEAM = L75KFH9TYV;
				GENERATE_INFOPLIST_FILE = YES;
				INFOPLIST_FILE = scorpAssesment/Info.plist;
				INFOPLIST_KEY_UIApplicationSupportsIndirectInputEvents = YES;
				INFOPLIST_KEY_UILaunchStoryboardName = LaunchScreen;
				INFOPLIST_KEY_UIMainStoryboardFile = Main;
				INFOPLIST_KEY_UISupportedInterfaceOrientations_iPad = "UIInterfaceOrientationPortrait UIInterfaceOrientationPortraitUpsideDown UIInterfaceOrientationLandscapeLeft UIInterfaceOrientationLandscapeRight";
				INFOPLIST_KEY_UISupportedInterfaceOrientations_iPhone = "UIInterfaceOrientationPortrait UIInterfaceOrientationLandscapeLeft UIInterfaceOrientationLandscapeRight";
				LD_RUNPATH_SEARCH_PATHS = (
					"$(inherited)",
					"@executable_path/Frameworks",
				);
				MARKETING_VERSION = 1.0;
				PRODUCT_BUNDLE_IDENTIFIER = com.namik.scorpAssesment;
				PRODUCT_NAME = "$(TARGET_NAME)";
				SWIFT_EMIT_LOC_STRINGS = YES;
				SWIFT_VERSION = 5.0;
				TARGETED_DEVICE_FAMILY = "1,2";
			};
			name = Release;
		};
/* End XCBuildConfiguration section */

/* Begin XCConfigurationList section */
		9DDE02D229D5B91500E26F81 /* Build configuration list for PBXProject "scorpAssesment" */ = {
			isa = XCConfigurationList;
			buildConfigurations = (
				9DDE02E929D5B91700E26F81 /* Debug */,
				9DDE02EA29D5B91700E26F81 /* Release */,
			);
			defaultConfigurationIsVisible = 0;
			defaultConfigurationName = Release;
		};
		9DDE02EB29D5B91700E26F81 /* Build configuration list for PBXNativeTarget "scorpAssesment" */ = {
			isa = XCConfigurationList;
			buildConfigurations = (
				9DDE02EC29D5B91700E26F81 /* Debug */,
				9DDE02ED29D5B91700E26F81 /* Release */,
			);
			defaultConfigurationIsVisible = 0;
			defaultConfigurationName = Release;
		};
/* End XCConfigurationList section */
	};
	rootObject = 9DDE02CF29D5B91500E26F81 /* Project object */;
}
